
Microsoft Visual Studio Solution File, Format Version 12.00
# Visual Studio Version 16
VisualStudioVersion = 16.0.31229.75
MinimumVisualStudioVersion = 10.0.40219.1
Project("{FAE04EC0-301F-11D3-BF4B-00C04F79EFBC}") = "evaluacion3finalfinal", "evaluacion3finalfinal\evaluacion3finalfinal.csproj", "{0F32AC70-0B70-4CAD-9454-BF7570A05564}"
EndProject
Global
	GlobalSection(SolutionConfigurationPlatforms) = preSolution
		Debug|Any CPU = Debug|Any CPU
		Release|Any CPU = Release|Any CPU
	EndGlobalSection
	GlobalSection(ProjectConfigurationPlatforms) = postSolution
		{0F32AC70-0B70-4CAD-9454-BF7570A05564}.Debug|Any CPU.ActiveCfg = Debug|Any CPU
		{0F32AC70-0B70-4CAD-9454-BF7570A05564}.Debug|Any CPU.Build.0 = Debug|Any CPU
		{0F32AC70-0B70-4CAD-9454-BF7570A05564}.Release|Any CPU.ActiveCfg = Release|Any CPU
		{0F32AC70-0B70-4CAD-9454-BF7570A05564}.Release|Any CPU.Build.0 = Release|Any CPU
	EndGlobalSection
	GlobalSection(SolutionProperties) = preSolution
		HideSolutionNode = FALSE
	EndGlobalSection
	GlobalSection(ExtensibilityGlobals) = postSolution
		SolutionGuid = {18BDB990-C80A-480C-95B8-D009A8FB0C98}
	EndGlobalSection
EndGlobal
